// !$*UTF8*$!
{
	archiveVersion = 1;
	classes = {
	};
	objectVersion = 50;
	objects = {

/* Begin PBXBuildFile section */
		496C8FFF2051E8E80005A097 /* AppDelegate.swift in Sources */ = {isa = PBXBuildFile; fileRef = 496C8FFE2051E8E80005A097 /* AppDelegate.swift */; };
		496C90042051E8E80005A097 /* Main.storyboard in Resources */ = {isa = PBXBuildFile; fileRef = 496C90022051E8E80005A097 /* Main.storyboard */; };
		496C90062051E8EA0005A097 /* Assets.xcassets in Resources */ = {isa = PBXBuildFile; fileRef = 496C90052051E8EA0005A097 /* Assets.xcassets */; };
		496C90092051E8EA0005A097 /* LaunchScreen.storyboard in Resources */ = {isa = PBXBuildFile; fileRef = 496C90072051E8EA0005A097 /* LaunchScreen.storyboard */; };
		496C90112051E92D0005A097 /* TableViewController.swift in Sources */ = {isa = PBXBuildFile; fileRef = 496C90102051E92D0005A097 /* TableViewController.swift */; };
		496C90142051E95E0005A097 /* Song.swift in Sources */ = {isa = PBXBuildFile; fileRef = 496C90132051E95E0005A097 /* Song.swift */; };
		496C90172051E9810005A097 /* State.swift in Sources */ = {isa = PBXBuildFile; fileRef = 496C90162051E9810005A097 /* State.swift */; };
		496C90192051E9A30005A097 /* SongFetcher.swift in Sources */ = {isa = PBXBuildFile; fileRef = 496C90182051E9A30005A097 /* SongFetcher.swift */; };
/* End PBXBuildFile section */

/* Begin PBXFileReference section */
		496C8FFB2051E8E80005A097 /* State.app */ = {isa = PBXFileReference; explicitFileType = wrapper.application; includeInIndex = 0; path = State.app; sourceTree = BUILT_PRODUCTS_DIR; };
		496C8FFE2051E8E80005A097 /* AppDelegate.swift */ = {isa = PBXFileReference; lastKnownFileType = sourcecode.swift; path = AppDelegate.swift; sourceTree = "<group>"; };
		496C90032051E8E80005A097 /* Base */ = {isa = PBXFileReference; lastKnownFileType = file.storyboard; name = Base; path = Base.lproj/Main.storyboard; sourceTree = "<group>"; };
		496C90052051E8EA0005A097 /* Assets.xcassets */ = {isa = PBXFileReference; lastKnownFileType = folder.assetcatalog; path = Assets.xcassets; sourceTree = "<group>"; };
		496C90082051E8EA0005A097 /* Base */ = {isa = PBXFileReference; lastKnownFileType = file.storyboard; name = Base; path = Base.lproj/LaunchScreen.storyboard; sourceTree = "<group>"; };
		496C900A2051E8EA0005A097 /* Info.plist */ = {isa = PBXFileReference; lastKnownFileType = text.plist.xml; path = Info.plist; sourceTree = "<group>"; };
		496C90102051E92D0005A097 /* TableViewController.swift */ = {isa = PBXFileReference; lastKnownFileType = sourcecode.swift; path = TableViewController.swift; sourceTree = "<group>"; };
		496C90132051E95E0005A097 /* Song.swift */ = {isa = PBXFileReference; lastKnownFileType = sourcecode.swift; path = Song.swift; sourceTree = "<group>"; };
		496C90162051E9810005A097 /* State.swift */ = {isa = PBXFileReference; lastKnownFileType = sourcecode.swift; path = State.swift; sourceTree = "<group>"; };
		496C90182051E9A30005A097 /* SongFetcher.swift */ = {isa = PBXFileReference; lastKnownFileType = sourcecode.swift; path = SongFetcher.swift; sourceTree = "<group>"; };
/* End PBXFileReference section */

/* Begin PBXFrameworksBuildPhase section */
		496C8FF82051E8E80005A097 /* Frameworks */ = {
			isa = PBXFrameworksBuildPhase;
			buildActionMask = 2147483647;
			files = (
			);
			runOnlyForDeploymentPostprocessing = 0;
		};
/* End PBXFrameworksBuildPhase section */

/* Begin PBXGroup section */
		496C8FF22051E8E80005A097 = {
			isa = PBXGroup;
			children = (
				496C8FFD2051E8E80005A097 /* State */,
				496C8FFC2051E8E80005A097 /* Products */,
			);
			sourceTree = "<group>";
		};
		496C8FFC2051E8E80005A097 /* Products */ = {
			isa = PBXGroup;
			children = (
				496C8FFB2051E8E80005A097 /* State.app */,
			);
			name = Products;
			sourceTree = "<group>";
		};
		496C8FFD2051E8E80005A097 /* State */ = {
			isa = PBXGroup;
			children = (
				496C8FFE2051E8E80005A097 /* AppDelegate.swift */,
				496C90122051E9330005A097 /* Controller */,
				496C90152051E9720005A097 /* Model */,
				496C90022051E8E80005A097 /* Main.storyboard */,
				496C90052051E8EA0005A097 /* Assets.xcassets */,
				496C90072051E8EA0005A097 /* LaunchScreen.storyboard */,
				496C900A2051E8EA0005A097 /* Info.plist */,
			);
			path = State;
			sourceTree = "<group>";
		};
		496C90122051E9330005A097 /* Controller */ = {
			isa = PBXGroup;
			children = (
				496C90102051E92D0005A097 /* TableViewController.swift */,
				496C90182051E9A30005A097 /* SongFetcher.swift */,
			);
			path = Controller;
			sourceTree = "<group>";
		};
		496C90152051E9720005A097 /* Model */ = {
			isa = PBXGroup;
			children = (
				496C90132051E95E0005A097 /* Song.swift */,
				496C90162051E9810005A097 /* State.swift */,
			);
			path = Model;
			sourceTree = "<group>";
		};
/* End PBXGroup section */

/* Begin PBXNativeTarget section */
		496C8FFA2051E8E80005A097 /* State */ = {
			isa = PBXNativeTarget;
			buildConfigurationList = 496C900D2051E8EA0005A097 /* Build configuration list for PBXNativeTarget "State" */;
			buildPhases = (
				496C8FF72051E8E80005A097 /* Sources */,
				496C8FF82051E8E80005A097 /* Frameworks */,
				496C8FF92051E8E80005A097 /* Resources */,
			);
			buildRules = (
			);
			dependencies = (
			);
			name = State;
			productName = State;
			productReference = 496C8FFB2051E8E80005A097 /* State.app */;
			productType = "com.apple.product-type.application";
		};
/* End PBXNativeTarget section */

/* Begin PBXProject section */
		496C8FF32051E8E80005A097 /* Project object */ = {
			isa = PBXProject;
			attributes = {
				LastSwiftUpdateCheck = 0930;
				LastUpgradeCheck = 0930;
				ORGANIZATIONNAME = "Bas Broek";
				TargetAttributes = {
					496C8FFA2051E8E80005A097 = {
						CreatedOnToolsVersion = 9.3;
					};
				};
			};
			buildConfigurationList = 496C8FF62051E8E80005A097 /* Build configuration list for PBXProject "State" */;
			compatibilityVersion = "Xcode 9.3";
			developmentRegion = en;
			hasScannedForEncodings = 0;
			knownRegions = (
				en,
				Base,
			);
			mainGroup = 496C8FF22051E8E80005A097;
			productRefGroup = 496C8FFC2051E8E80005A097 /* Products */;
			projectDirPath = "";
			projectRoot = "";
			targets = (
				496C8FFA2051E8E80005A097 /* State */,
			);
		};
/* End PBXProject section */

/* Begin PBXResourcesBuildPhase section */
		496C8FF92051E8E80005A097 /* Resources */ = {
			isa = PBXResourcesBuildPhase;
			buildActionMask = 2147483647;
			files = (
				496C90092051E8EA0005A097 /* LaunchScreen.storyboard in Resources */,
				496C90062051E8EA0005A097 /* Assets.xcassets in Resources */,
				496C90042051E8E80005A097 /* Main.storyboard in Resources */,
			);
			runOnlyForDeploymentPostprocessing = 0;
		};
/* End PBXResourcesBuildPhase section */

/* Begin PBXSourcesBuildPhase section */
		496C8FF72051E8E80005A097 /* Sources */ = {
			isa = PBXSourcesBuildPhase;
			buildActionMask = 2147483647;
			files = (
				496C90142051E95E0005A097 /* Song.swift in Sources */,
				496C90192051E9A30005A097 /* SongFetcher.swift in Sources */,
				496C8FFF2051E8E80005A097 /* AppDelegate.swift in Sources */,
				496C90112051E92D0005A097 /* TableViewController.swift in Sources */,
				496C90172051E9810005A097 /* State.swift in Sources */,
			);
			runOnlyForDeploymentPostprocessing = 0;
		};
/* End PBXSourcesBuildPhase section */

/* Begin PBXVariantGroup section */
		496C90022051E8E80005A097 /* Main.storyboard */ = {
			isa = PBXVariantGroup;
			children = (
				496C90032051E8E80005A097 /* Base */,
			);
			name = Main.storyboard;
			sourceTree = "<group>";
		};
		496C90072051E8EA0005A097 /* LaunchScreen.storyboard */ = {
			isa = PBXVariantGroup;
			children = (
				496C90082051E8EA0005A097 /* Base */,
			);
			name = LaunchScreen.storyboard;
			sourceTree = "<group>";
		};
/* End PBXVariantGroup section */

/* Begin XCBuildConfiguration section */
		496C900B2051E8EA0005A097 /* Debug */ = {
			isa = XCBuildConfiguration;
			buildSettings = {
				ALWAYS_SEARCH_USER_PATHS = NO;
				CLANG_ANALYZER_NONNULL = YES;
				CLANG_ANALYZER_NUMBER_OBJECT_CONVERSION = YES_AGGRESSIVE;
				CLANG_CXX_LANGUAGE_STANDARD = "gnu++14";
				CLANG_CXX_LIBRARY = "libc++";
				CLANG_ENABLE_MODULES = YES;
				CLANG_ENABLE_OBJC_ARC = YES;
				CLANG_ENABLE_OBJC_WEAK = YES;
				CLANG_WARN_BLOCK_CAPTURE_AUTORELEASING = YES;
				CLANG_WARN_BOOL_CONVERSION = YES;
				CLANG_WARN_COMMA = YES;
				CLANG_WARN_CONSTANT_CONVERSION = YES;
				CLANG_WARN_DEPRECATED_OBJC_IMPLEMENTATIONS = YES;
				CLANG_WARN_DIRECT_OBJC_ISA_USAGE = YES_ERROR;
				CLANG_WARN_DOCUMENTATION_COMMENTS = YES;
				CLANG_WARN_EMPTY_BODY = YES;
				CLANG_WARN_ENUM_CONVERSION = YES;
				CLANG_WARN_INFINITE_RECURSION = YES;
				CLANG_WARN_INT_CONVERSION = YES;
				CLANG_WARN_NON_LITERAL_NULL_CONVERSION = YES;
				CLANG_WARN_OBJC_IMPLICIT_RETAIN_SELF = YES;
				CLANG_WARN_OBJC_LITERAL_CONVERSION = YES;
				CLANG_WARN_OBJC_ROOT_CLASS = YES_ERROR;
				CLANG_WARN_RANGE_LOOP_ANALYSIS = YES;
				CLANG_WARN_STRICT_PROTOTYPES = YES;
				CLANG_WARN_SUSPICIOUS_MOVE = YES;
				CLANG_WARN_UNGUARDED_AVAILABILITY = YES_AGGRESSIVE;
				CLANG_WARN_UNREACHABLE_CODE = YES;
				CLANG_WARN__DUPLICATE_METHOD_MATCH = YES;
				CODE_SIGN_IDENTITY = "iPhone Developer";
				COPY_PHASE_STRIP = NO;
				DEBUG_INFORMATION_FORMAT = dwarf;
				ENABLE_STRICT_OBJC_MSGSEND = YES;
				ENABLE_TESTABILITY = YES;
				GCC_C_LANGUAGE_STANDARD = gnu11;
				GCC_DYNAMIC_NO_PIC = NO;
				GCC_NO_COMMON_BLOCKS = YES;
				GCC_OPTIMIZATION_LEVEL = 0;
				GCC_PREPROCESSOR_DEFINITIONS = (
					"DEBUG=1",
					"$(inherited)",
				);
				GCC_WARN_64_TO_32_BIT_CONVERSION = YES;
				GCC_WARN_ABOUT_RETURN_TYPE = YES_ERROR;
				GCC_WARN_UNDECLARED_SELECTOR = YES;
				GCC_WARN_UNINITIALIZED_AUTOS = YES_AGGRESSIVE;
				GCC_WARN_UNUSED_FUNCTION = YES;
				GCC_WARN_UNUSED_VARIABLE = YES;
				IPHONEOS_DEPLOYMENT_TARGET = 11.3;
				MTL_ENABLE_DEBUG_INFO = YES;
				ONLY_ACTIVE_ARCH = YES;
				SDKROOT = iphoneos;
				SWIFT_ACTIVE_COMPILATION_CONDITIONS = DEBUG;
				SWIFT_OPTIMIZATION_LEVEL = "-Onone";
			};
			name = Debug;
		};
		496C900C2051E8EA0005A097 /* Release */ = {
			isa = XCBuildConfiguration;
			buildSettings = {
				ALWAYS_SEARCH_USER_PATHS = NO;
				CLANG_ANALYZER_NONNULL = YES;
				CLANG_ANALYZER_NUMBER_OBJECT_CONVERSION = YES_AGGRESSIVE;
				CLANG_CXX_LANGUAGE_STANDARD = "gnu++14";
				CLANG_CXX_LIBRARY = "libc++";
				CLANG_ENABLE_MODULES = YES;
				CLANG_ENABLE_OBJC_ARC = YES;
				CLANG_ENABLE_OBJC_WEAK = YES;
				CLANG_WARN_BLOCK_CAPTURE_AUTORELEASING = YES;
				CLANG_WARN_BOOL_CONVERSION = YES;
				CLANG_WARN_COMMA = YES;
				CLANG_WARN_CONSTANT_CONVERSION = YES;
				CLANG_WARN_DEPRECATED_OBJC_IMPLEMENTATIONS = YES;
				CLANG_WARN_DIRECT_OBJC_ISA_USAGE = YES_ERROR;
				CLANG_WARN_DOCUMENTATION_COMMENTS = YES;
				CLANG_WARN_EMPTY_BODY = YES;
				CLANG_WARN_ENUM_CONVERSION = YES;
				CLANG_WARN_INFINITE_RECURSION = YES;
				CLANG_WARN_INT_CONVERSION = YES;
				CLANG_WARN_NON_LITERAL_NULL_CONVERSION = YES;
				CLANG_WARN_OBJC_IMPLICIT_RETAIN_SELF = YES;
				CLANG_WARN_OBJC_LITERAL_CONVERSION = YES;
				CLANG_WARN_OBJC_ROOT_CLASS = YES_ERROR;
				CLANG_WARN_RANGE_LOOP_ANALYSIS = YES;
				CLANG_WARN_STRICT_PROTOTYPES = YES;
				CLANG_WARN_SUSPICIOUS_MOVE = YES;
				CLANG_WARN_UNGUARDED_AVAILABILITY = YES_AGGRESSIVE;
				CLANG_WARN_UNREACHABLE_CODE = YES;
				CLANG_WARN__DUPLICATE_METHOD_MATCH = YES;
				CODE_SIGN_IDENTITY = "iPhone Developer";
				COPY_PHASE_STRIP = NO;
				DEBUG_INFORMATION_FORMAT = "dwarf-with-dsym";
				ENABLE_NS_ASSERTIONS = NO;
				ENABLE_STRICT_OBJC_MSGSEND = YES;
				GCC_C_LANGUAGE_STANDARD = gnu11;
				GCC_NO_COMMON_BLOCKS = YES;
				GCC_WARN_64_TO_32_BIT_CONVERSION = YES;
				GCC_WARN_ABOUT_RETURN_TYPE = YES_ERROR;
				GCC_WARN_UNDECLARED_SELECTOR = YES;
				GCC_WARN_UNINITIALIZED_AUTOS = YES_AGGRESSIVE;
				GCC_WARN_UNUSED_FUNCTION = YES;
				GCC_WARN_UNUSED_VARIABLE = YES;
				IPHONEOS_DEPLOYMENT_TARGET = 11.3;
				MTL_ENABLE_DEBUG_INFO = NO;
				SDKROOT = iphoneos;
				SWIFT_COMPILATION_MODE = wholemodule;
				SWIFT_OPTIMIZATION_LEVEL = "-O";
				VALIDATE_PRODUCT = YES;
			};
			name = Release;
		};
		496C900E2051E8EA0005A097 /* Debug */ = {
			isa = XCBuildConfiguration;
			buildSettings = {
				ASSETCATALOG_COMPILER_APPICON_NAME = AppIcon;
				CODE_SIGN_STYLE = Automatic;
				INFOPLIST_FILE = State/Info.plist;
				LD_RUNPATH_SEARCH_PATHS = (
					"$(inherited)",
					"@executable_path/Frameworks",
				);
				PRODUCT_BUNDLE_IDENTIFIER = nl.basbroek.State;
				PRODUCT_NAME = "$(TARGET_NAME)";
				SWIFT_VERSION = 4.0;
				TARGETED_DEVICE_FAMILY = "1,2";
			};
			name = Debug;
		};
		496C900F2051E8EA0005A097 /* Release */ = {
			isa = XCBuildConfiguration;
			buildSettings = {
				ASSETCATALOG_COMPILER_APPICON_NAME = AppIcon;
				CODE_SIGN_STYLE = Automatic;
				INFOPLIST_FILE = State/Info.plist;
				LD_RUNPATH_SEARCH_PATHS = (
					"$(inherited)",
					"@executable_path/Frameworks",
				);
				PRODUCT_BUNDLE_IDENTIFIER = nl.basbroek.State;
				PRODUCT_NAME = "$(TARGET_NAME)";
				SWIFT_VERSION = 4.0;
				TARGETED_DEVICE_FAMILY = "1,2";
			};
			name = Release;
		};
/* End XCBuildConfiguration section */

/* Begin XCConfigurationList section */
		496C8FF62051E8E80005A097 /* Build configuration list for PBXProject "State" */ = {
			isa = XCConfigurationList;
			buildConfigurations = (
				496C900B2051E8EA0005A097 /* Debug */,
				496C900C2051E8EA0005A097 /* Release */,
			);
			defaultConfigurationIsVisible = 0;
			defaultConfigurationName = Release;
		};
		496C900D2051E8EA0005A097 /* Build configuration list for PBXNativeTarget "State" */ = {
			isa = XCConfigurationList;
			buildConfigurations = (
				496C900E2051E8EA0005A097 /* Debug */,
				496C900F2051E8EA0005A097 /* Release */,
			);
			defaultConfigurationIsVisible = 0;
			defaultConfigurationName = Release;
		};
/* End XCConfigurationList section */
	};
	rootObject = 496C8FF32051E8E80005A097 /* Project object */;
}
